// !$*UTF8*$!
{
	archiveVersion = 1;
	classes = {};
	objectVersion = 56;
	objects = {
		7F3D2D9405DEB4839F1936F5 = { isa = PBXFileReference; lastKnownFileType = folder.skatlas; path = "Art/Arena.atlas"; sourceTree = "<group>"; };
		BB945DCA50B7AF33001BBAE0 = { isa = PBXBuildFile; fileRef = 7F3D2D9405DEB4839F1936F5; };
		604CBA61F352DE4667D51866 = { isa = PBXFileReference; lastKnownFileType = folder.skatlas; path = "Art/BossBanger.atlas"; sourceTree = "<group>"; };
		45E9A25CB355E8A757D1DF58 = { isa = PBXBuildFile; fileRef = 604CBA61F352DE4667D51866; };
		489AB20B0D5DA55820DF8F07 = { isa = PBXFileReference; lastKnownFileType = folder.skatlas; path = "Art/BossDinker.atlas"; sourceTree = "<group>"; };
		B407F257EDDAF120D4BCF890 = { isa = PBXBuildFile; fileRef = 489AB20B0D5DA55820DF8F07; };
		E9630C6A6078692DF280C300 = { isa = PBXFileReference; lastKnownFileType = folder.skatlas; path = "Art/BossLobber.atlas"; sourceTree = "<group>"; };
		6F53CBAF9E4944294F485C11 = { isa = PBXBuildFile; fileRef = E9630C6A6078692DF280C300; };
		4C863DE21080B4E951D14ECA = { isa = PBXFileReference; lastKnownFileType = folder.skatlas; path = "Art/BossPoacher.atlas"; sourceTree = "<group>"; };
		CC0F8EBB5836511DFA0083F8 = { isa = PBXBuildFile; fileRef = 4C863DE21080B4E951D14ECA; };
		6195C3829E67A3855E9EB505 = { isa = PBXFileReference; lastKnownFileType = folder.skatlas; path = "Art/BossWall.atlas"; sourceTree = "<group>"; };
		ACE1A9C2CFAC47169C08C572 = { isa = PBXBuildFile; fileRef = 6195C3829E67A3855E9EB505; };
		1F4F4B3623393FB5EF7A66D8 = { isa = PBXFileReference; lastKnownFileType = folder.skatlas; path = "Art/Brand.atlas"; sourceTree = "<group>"; };
		D8C8790D0EED106AC95E8014 = { isa = PBXBuildFile; fileRef = 1F4F4B3623393FB5EF7A66D8; };
		DD5390CDEBB76B09DCCFB6FD = { isa = PBXFileReference; lastKnownFileType = folder.skatlas; path = "Art/CourtMaterial.atlas"; sourceTree = "<group>"; };
		1D1FF9621489C0100DEFA7E1 = { isa = PBXBuildFile; fileRef = DD5390CDEBB76B09DCCFB6FD; };
		CE8C41C35B25DA4644D5B05D = { isa = PBXFileReference; lastKnownFileType = folder.skatlas; path = "Art/Effects.atlas"; sourceTree = "<group>"; };
		73913B7ACEFF457DA4A7C52F = { isa = PBXBuildFile; fileRef = CE8C41C35B25DA4644D5B05D; };
		C5834DBD54D3FA2E6157BC62 = { isa = PBXFileReference; lastKnownFileType = folder.skatlas; path = "Art/Pickleball.atlas"; sourceTree = "<group>"; };
		EB6240B9B0AEF3AA4C4AA135 = { isa = PBXBuildFile; fileRef = C5834DBD54D3FA2E6157BC62; };
		47D00AE78B1F8CE11C5D9423 = { isa = PBXFileReference; lastKnownFileType = folder.skatlas; path = "Art/Player.atlas"; sourceTree = "<group>"; };
		377F396A6361594543ADD674 = { isa = PBXBuildFile; fileRef = 47D00AE78B1F8CE11C5D9423; };
		152B5F6DC3B9AF8AF29189E8 = { isa = PBXFileReference; lastKnownFileType = folder.skatlas; path = "Art/Targets.atlas"; sourceTree = "<group>"; };
		688E5186F6229FEE9CD70DAF = { isa = PBXBuildFile; fileRef = 152B5F6DC3B9AF8AF29189E8; };
		47F50A866BF2543058ED042D = { isa = PBXFileReference; lastKnownFileType = folder.skatlas; path = "Art/UI.atlas"; sourceTree = "<group>"; };
		9DC972213D64243A8A0EBD58 = { isa = PBXBuildFile; fileRef = 47F50A866BF2543058ED042D; };
		37751E1070B6C66F80C405AE = { isa = PBXFileReference; lastKnownFileType = sourcecode.swift; path = "BossValidationPolicy.swift"; sourceTree = "<group>"; };
		BC9A7534D4B581547DD98B54 = { isa = PBXBuildFile; fileRef = 37751E1070B6C66F80C405AE; };
		BB1D42923B4F7BAF07E02A65 = { isa = PBXFileReference; lastKnownFileType = sourcecode.swift; path = "DebugValidation.swift"; sourceTree = "<group>"; };
		68CA03D4E66B5104F186E0D0 = { isa = PBXBuildFile; fileRef = BB1D42923B4F7BAF07E02A65; };
		5939F36D0C7BFB50E4142A4F = { isa = PBXFileReference; lastKnownFileType = sourcecode.swift; path = "GameScreens.swift"; sourceTree = "<group>"; };
		5AC7BE343C3ADE60AC877BF2 = { isa = PBXBuildFile; fileRef = 5939F36D0C7BFB50E4142A4F; };
		29A1FF57C3D0577950F9316D = { isa = PBXFileReference; lastKnownFileType = sourcecode.swift; path = "GameSession.swift"; sourceTree = "<group>"; };
		9C69066B257959BBF1570A6D = { isa = PBXBuildFile; fileRef = 29A1FF57C3D0577950F9316D; };
		AE23358553E87D988B23A848 = { isa = PBXFileReference; lastKnownFileType = sourcecode.swift; path = "InformationScreens.swift"; sourceTree = "<group>"; };
		A9C9B8BC65C7E2DEEFEE73DA = { isa = PBXBuildFile; fileRef = AE23358553E87D988B23A848; };
		5C3F6E5812330A2121080715 = { isa = PBXFileReference; lastKnownFileType = sourcecode.swift; path = "PickleBlastApp.swift"; sourceTree = "<group>"; };
		67DC7ED125AE401F15B61DB9 = { isa = PBXBuildFile; fileRef = 5C3F6E5812330A2121080715; };
		3685E330EC5277A9DD5661C6 = { isa = PBXFileReference; lastKnownFileType = folder.assetcatalog; path = Assets.xcassets; sourceTree = "<group>"; };
		AA400DFD4219F700A8EA7668 = { isa = PBXBuildFile; fileRef = 3685E330EC5277A9DD5661C6; };
		C5BEEF2DE776A9EB64B6A612 = { isa = PBXFileReference; lastKnownFileType = text.json; path = Art/runtime_manifest.json; sourceTree = "<group>"; };
		E7B560A09D71BE30D17BD722 = { isa = PBXBuildFile; fileRef = C5BEEF2DE776A9EB64B6A612; };
		96ED5C5789B174A01557791C = { isa = PBXFileReference; lastKnownFileType = text.xml; path = PrivacyInfo.xcprivacy; sourceTree = "<group>"; };
		1ECEA647854BE794015C1169 = { isa = PBXBuildFile; fileRef = 96ED5C5789B174A01557791C; };
		48CD094954DAAFBA5EA768CB = { isa = PBXFileReference; lastKnownFileType = text; path = Policy/Privacy.txt; sourceTree = "<group>"; };
		2A9BF8A072BBC43EDF84AFE2 = { isa = PBXBuildFile; fileRef = 48CD094954DAAFBA5EA768CB; };
		0112DAE3F84CB4DF5179BE01 = { isa = PBXFileReference; lastKnownFileType = text.plist.xml; path = Info.plist; sourceTree = "<group>"; };
		38A007151ABE87CC01A5B6E9 = { isa = PBXFileReference; explicitFileType = wrapper.application; includeInIndex = 0; path = PickleBlast.app; sourceTree = BUILT_PRODUCTS_DIR; };
		4104809E3FF4E5355F322B7F = { isa = PBXGroup; path = WatchApp; sourceTree = "<group>"; children = (37751E1070B6C66F80C405AE, BB1D42923B4F7BAF07E02A65, 5939F36D0C7BFB50E4142A4F, 29A1FF57C3D0577950F9316D, AE23358553E87D988B23A848, 5C3F6E5812330A2121080715, 3685E330EC5277A9DD5661C6, 0112DAE3F84CB4DF5179BE01, 96ED5C5789B174A01557791C, 48CD094954DAAFBA5EA768CB, C5BEEF2DE776A9EB64B6A612, 7F3D2D9405DEB4839F1936F5, 604CBA61F352DE4667D51866, 489AB20B0D5DA55820DF8F07, E9630C6A6078692DF280C300, 4C863DE21080B4E951D14ECA, 6195C3829E67A3855E9EB505, 1F4F4B3623393FB5EF7A66D8, DD5390CDEBB76B09DCCFB6FD, CE8C41C35B25DA4644D5B05D, C5834DBD54D3FA2E6157BC62, 47D00AE78B1F8CE11C5D9423, 152B5F6DC3B9AF8AF29189E8, 47F50A866BF2543058ED042D); };
		8A691DCB75083DF7C836D0B4 = { isa = PBXFileReference; lastKnownFileType = sourcecode.swift; path = WatchUITests/PickleBlastWatchUITests.swift; sourceTree = SOURCE_ROOT; };
		4760E3A8BB4919668138303E = { isa = PBXBuildFile; fileRef = 8A691DCB75083DF7C836D0B4; };
		F219C0274590DA45E4BEF1EA = { isa = PBXFileReference; explicitFileType = wrapper.cfbundle; includeInIndex = 0; path = PickleBlastWatchUITests.xctest; sourceTree = BUILT_PRODUCTS_DIR; };
		6E431EB0650617AA1756B320 = { isa = PBXSourcesBuildPhase; buildActionMask = 2147483647; files = (4760E3A8BB4919668138303E); runOnlyForDeploymentPostprocessing = 0; };
		1ABF84E55BD30AC2CEF8FC42 = { isa = PBXFrameworksBuildPhase; buildActionMask = 2147483647; files = (); runOnlyForDeploymentPostprocessing = 0; };
		7DED7670B79BEA8B7480B1FC = { isa = PBXResourcesBuildPhase; buildActionMask = 2147483647; files = (); runOnlyForDeploymentPostprocessing = 0; };
		E9CA66683FF22D7B8CC65928 = { isa = PBXContainerItemProxy; containerPortal = 98F54143AB4E86B28C3AFEE0; proxyType = 1; remoteGlobalIDString = 0E8A3AD980EC179856012B7E; remoteInfo = PickleBlast; };
		C58B1D22E6B06406536A4294 = { isa = PBXTargetDependency; target = 0E8A3AD980EC179856012B7E; targetProxy = E9CA66683FF22D7B8CC65928; };
		FBDC4F23F93125BBEEAE800C = { isa = PBXGroup; name = Products; sourceTree = "<group>"; children = (38A007151ABE87CC01A5B6E9, F219C0274590DA45E4BEF1EA); };
		5A196401BBDDBC909972A38B = { isa = PBXFileReference; lastKnownFileType = text.xcconfig; path = Signing.xcconfig; sourceTree = "<group>"; };
		099F77123D16254EE65B3099 = { isa = PBXFileReference; lastKnownFileType = text.xcconfig; path = Signing.example.xcconfig; sourceTree = "<group>"; };
		9A8EF585BB2EA62E5E9762BF = { isa = PBXGroup; path = Configuration; sourceTree = "<group>"; children = (5A196401BBDDBC909972A38B, 099F77123D16254EE65B3099); };
		F97E10D1020E3BEF961AF77B = { isa = PBXGroup; sourceTree = "<group>"; children = (4104809E3FF4E5355F322B7F, 9A8EF585BB2EA62E5E9762BF, 8A691DCB75083DF7C836D0B4, FBDC4F23F93125BBEEAE800C); };
		C27E4B6BEEEBEE564F55E421 = { isa = XCLocalSwiftPackageReference; relativePath = .; };
		974DFDFA1677B6601BFFC6B9 = { isa = XCSwiftPackageProductDependency; productName = PickleBlastCore; };
		00C23D0D7608CBC5BDC600F9 = { isa = PBXBuildFile; productRef = 974DFDFA1677B6601BFFC6B9; };
		6E97EA6F6631E42F98385556 = { isa = XCSwiftPackageProductDependency; productName = PickleBlastRendering; };
		5DA561159C27E23FC50D532A = { isa = PBXBuildFile; productRef = 6E97EA6F6631E42F98385556; };
		BCE16DD0260827ECF338C787 = { isa = PBXSourcesBuildPhase; buildActionMask = 2147483647; files = (BC9A7534D4B581547DD98B54, 68CA03D4E66B5104F186E0D0, 5AC7BE343C3ADE60AC877BF2, 9C69066B257959BBF1570A6D, A9C9B8BC65C7E2DEEFEE73DA, 67DC7ED125AE401F15B61DB9); runOnlyForDeploymentPostprocessing = 0; };
		0189424A5A60FED329FA868E = { isa = PBXResourcesBuildPhase; buildActionMask = 2147483647; files = (AA400DFD4219F700A8EA7668, 1ECEA647854BE794015C1169, 2A9BF8A072BBC43EDF84AFE2, E7B560A09D71BE30D17BD722, BB945DCA50B7AF33001BBAE0, 45E9A25CB355E8A757D1DF58, B407F257EDDAF120D4BCF890, 6F53CBAF9E4944294F485C11, CC0F8EBB5836511DFA0083F8, ACE1A9C2CFAC47169C08C572, D8C8790D0EED106AC95E8014, 1D1FF9621489C0100DEFA7E1, 73913B7ACEFF457DA4A7C52F, EB6240B9B0AEF3AA4C4AA135, 377F396A6361594543ADD674, 688E5186F6229FEE9CD70DAF, 9DC972213D64243A8A0EBD58); runOnlyForDeploymentPostprocessing = 0; };
		7561BFB015D8F536760CB671 = { isa = PBXFrameworksBuildPhase; buildActionMask = 2147483647; files = (00C23D0D7608CBC5BDC600F9, 5DA561159C27E23FC50D532A); runOnlyForDeploymentPostprocessing = 0; };
		89E1FD6268CC0F221A2BE178 = { isa = XCBuildConfiguration; buildSettings = { CLANG_ENABLE_MODULES = YES; CLANG_ENABLE_OBJC_ARC = YES; SDKROOT = watchos; SWIFT_VERSION = 5.0; WATCHOS_DEPLOYMENT_TARGET = 10.0; DEBUG_INFORMATION_FORMAT = dwarf; ENABLE_TESTABILITY = YES; SWIFT_OPTIMIZATION_LEVEL = "-Onone"; SWIFT_ACTIVE_COMPILATION_CONDITIONS = "DEBUG $(inherited)"; ONLY_ACTIVE_ARCH = YES; }; name = Debug; };
		E9B2E96ABC5F6856F2BE79CF = { isa = XCBuildConfiguration; baseConfigurationReference = 5A196401BBDDBC909972A38B; buildSettings = { ASSETCATALOG_COMPILER_APPICON_NAME = AppIcon; CODE_SIGN_STYLE = Automatic; CURRENT_PROJECT_VERSION = 8; GENERATE_INFOPLIST_FILE = NO; INFOPLIST_FILE = WatchApp/Info.plist; MARKETING_VERSION = 1.0; PRODUCT_BUNDLE_IDENTIFIER = com.pickleblast.watchapp; PRODUCT_NAME = "$(TARGET_NAME)"; SUPPORTED_PLATFORMS = "watchos watchsimulator"; TARGETED_DEVICE_FAMILY = 4; SKIP_INSTALL = NO; LD_RUNPATH_SEARCH_PATHS = "$(inherited) @executable_path/Frameworks"; SWIFT_EMIT_LOC_STRINGS = YES; }; name = Debug; };
		FCB48D8F88BCDB0ED9FADFD7 = { isa = XCBuildConfiguration; baseConfigurationReference = 5A196401BBDDBC909972A38B; buildSettings = { CODE_SIGN_STYLE = Automatic; GENERATE_INFOPLIST_FILE = YES; PRODUCT_BUNDLE_IDENTIFIER = com.pickleblast.watchapp.uitests; PRODUCT_NAME = "$(TARGET_NAME)"; SUPPORTED_PLATFORMS = "watchos watchsimulator"; TARGETED_DEVICE_FAMILY = 4; TEST_TARGET_NAME = PickleBlast; SWIFT_EMIT_LOC_STRINGS = NO; STRING_CATALOG_GENERATE_SYMBOLS = NO; CURRENT_PROJECT_VERSION = 8; MARKETING_VERSION = 1.0; }; name = Debug; };
		E6DE6C99132752C914FEF632 = { isa = XCBuildConfiguration; buildSettings = { CLANG_ENABLE_MODULES = YES; CLANG_ENABLE_OBJC_ARC = YES; SDKROOT = watchos; SWIFT_VERSION = 5.0; WATCHOS_DEPLOYMENT_TARGET = 10.0; DEBUG_INFORMATION_FORMAT = "dwarf-with-dsym"; SWIFT_COMPILATION_MODE = wholemodule; SWIFT_OPTIMIZATION_LEVEL = "-O"; VALIDATE_PRODUCT = YES; }; name = Release; };
		5A8C91857F674E16E2724F47 = { isa = XCBuildConfiguration; baseConfigurationReference = 5A196401BBDDBC909972A38B; buildSettings = { ASSETCATALOG_COMPILER_APPICON_NAME = AppIcon; CODE_SIGN_STYLE = Automatic; CURRENT_PROJECT_VERSION = 8; GENERATE_INFOPLIST_FILE = NO; INFOPLIST_FILE = WatchApp/Info.plist; MARKETING_VERSION = 1.0; PRODUCT_BUNDLE_IDENTIFIER = com.pickleblast.watchapp; PRODUCT_NAME = "$(TARGET_NAME)"; SUPPORTED_PLATFORMS = "watchos watchsimulator"; TARGETED_DEVICE_FAMILY = 4; SKIP_INSTALL = NO; LD_RUNPATH_SEARCH_PATHS = "$(inherited) @executable_path/Frameworks"; SWIFT_EMIT_LOC_STRINGS = YES; }; name = Release; };
		942EEBBACD6C88CAE7F29B29 = { isa = XCBuildConfiguration; baseConfigurationReference = 5A196401BBDDBC909972A38B; buildSettings = { CODE_SIGN_STYLE = Automatic; GENERATE_INFOPLIST_FILE = YES; PRODUCT_BUNDLE_IDENTIFIER = com.pickleblast.watchapp.uitests; PRODUCT_NAME = "$(TARGET_NAME)"; SUPPORTED_PLATFORMS = "watchos watchsimulator"; TARGETED_DEVICE_FAMILY = 4; TEST_TARGET_NAME = PickleBlast; SWIFT_EMIT_LOC_STRINGS = NO; STRING_CATALOG_GENERATE_SYMBOLS = NO; CURRENT_PROJECT_VERSION = 8; MARKETING_VERSION = 1.0; }; name = Release; };
		49EA05A46B1A86EA7E413B43 = { isa = XCConfigurationList; buildConfigurations = (89E1FD6268CC0F221A2BE178, E6DE6C99132752C914FEF632); defaultConfigurationIsVisible = 0; defaultConfigurationName = Release; };
		8A8642C6B28662881237D956 = { isa = XCConfigurationList; buildConfigurations = (E9B2E96ABC5F6856F2BE79CF, 5A8C91857F674E16E2724F47); defaultConfigurationIsVisible = 0; defaultConfigurationName = Release; };
		72C322F0960ECAD6090B486F = { isa = XCConfigurationList; buildConfigurations = (FCB48D8F88BCDB0ED9FADFD7, 942EEBBACD6C88CAE7F29B29); defaultConfigurationIsVisible = 0; defaultConfigurationName = Release; };
		0E8A3AD980EC179856012B7E = { isa = PBXNativeTarget; buildConfigurationList = 8A8642C6B28662881237D956; buildPhases = (BCE16DD0260827ECF338C787, 7561BFB015D8F536760CB671, 0189424A5A60FED329FA868E); buildRules = (); dependencies = (); name = PickleBlast; packageProductDependencies = (974DFDFA1677B6601BFFC6B9, 6E97EA6F6631E42F98385556); productName = PickleBlast; productReference = 38A007151ABE87CC01A5B6E9; productType = "com.apple.product-type.application"; };
		64BCB755386F844C96A2A5B0 = { isa = PBXNativeTarget; buildConfigurationList = 72C322F0960ECAD6090B486F; buildPhases = (6E431EB0650617AA1756B320, 1ABF84E55BD30AC2CEF8FC42, 7DED7670B79BEA8B7480B1FC); buildRules = (); dependencies = (C58B1D22E6B06406536A4294); name = PickleBlastWatchUITests; productName = PickleBlastWatchUITests; productReference = F219C0274590DA45E4BEF1EA; productType = "com.apple.product-type.bundle.ui-testing"; };
		98F54143AB4E86B28C3AFEE0 = { isa = PBXProject; attributes = { BuildIndependentTargetsInParallel = YES; LastSwiftUpdateCheck = 1600; LastUpgradeCheck = 1600; TargetAttributes = { 0E8A3AD980EC179856012B7E = { CreatedOnToolsVersion = 27.0; }; 64BCB755386F844C96A2A5B0 = { CreatedOnToolsVersion = 27.0; TestTargetID = 0E8A3AD980EC179856012B7E; }; }; }; buildConfigurationList = 49EA05A46B1A86EA7E413B43; compatibilityVersion = "Xcode 14.0"; developmentRegion = en; hasScannedForEncodings = 0; knownRegions = (en, Base); mainGroup = F97E10D1020E3BEF961AF77B; productRefGroup = FBDC4F23F93125BBEEAE800C; packageReferences = (C27E4B6BEEEBEE564F55E421); projectDirPath = ""; projectRoot = ""; targets = (0E8A3AD980EC179856012B7E, 64BCB755386F844C96A2A5B0); };
	};
	rootObject = 98F54143AB4E86B28C3AFEE0;
}
